// !$*UTF8*$!
{
	archiveVersion = 1;
	classes = {
	};
	objectVersion = 46;
	objects = {

/* Begin PBXBuildFile section */
		A48E9CDD1C8AB2740008F146 /* HomeViewController.swift in Sources */ = {isa = PBXBuildFile; fileRef = A48E9CDC1C8AB2740008F146 /* HomeViewController.swift */; };
		A48E9CE01C8B43AE0008F146 /* NewPhotoViewController.swift in Sources */ = {isa = PBXBuildFile; fileRef = A48E9CDF1C8B43AE0008F146 /* NewPhotoViewController.swift */; };
		A48E9CE21C8BCEFB0008F146 /* Post.swift in Sources */ = {isa = PBXBuildFile; fileRef = A48E9CE11C8BCEFB0008F146 /* Post.swift */; };
		A48E9CE51C8BDDBC0008F146 /* InstaCell.swift in Sources */ = {isa = PBXBuildFile; fileRef = A48E9CE41C8BDDBC0008F146 /* InstaCell.swift */; };
		A48E9CEB1C8D14300008F146 /* gifFramework.swift in Sources */ = {isa = PBXBuildFile; fileRef = A48E9CEA1C8D14300008F146 /* gifFramework.swift */; };
		A48E9CED1C8D1C610008F146 /* giphy.gif in Resources */ = {isa = PBXBuildFile; fileRef = A48E9CEC1C8D1C610008F146 /* giphy.gif */; };
		A4C9857C1C8A863300BD38A3 /* AppDelegate.swift in Sources */ = {isa = PBXBuildFile; fileRef = A4C9857B1C8A863300BD38A3 /* AppDelegate.swift */; };
		A4C9857E1C8A863300BD38A3 /* ViewController.swift in Sources */ = {isa = PBXBuildFile; fileRef = A4C9857D1C8A863300BD38A3 /* ViewController.swift */; };
		A4C985811C8A863300BD38A3 /* Main.storyboard in Resources */ = {isa = PBXBuildFile; fileRef = A4C9857F1C8A863300BD38A3 /* Main.storyboard */; };
		A4C985831C8A863300BD38A3 /* Assets.xcassets in Resources */ = {isa = PBXBuildFile; fileRef = A4C985821C8A863300BD38A3 /* Assets.xcassets */; };
		A4C985861C8A863300BD38A3 /* LaunchScreen.storyboard in Resources */ = {isa = PBXBuildFile; fileRef = A4C985841C8A863300BD38A3 /* LaunchScreen.storyboard */; };
		A4C9858E1C8A8AAA00BD38A3 /* LoginViewController.swift in Sources */ = {isa = PBXBuildFile; fileRef = A4C9858D1C8A8AAA00BD38A3 /* LoginViewController.swift */; };
		FC28DDFD75615253B3583DF4 /* Pods_InstaSlam.framework in Frameworks */ = {isa = PBXBuildFile; fileRef = 4C4525222EFB40A422124F67 /* Pods_InstaSlam.framework */; };
/* End PBXBuildFile section */

/* Begin PBXFileReference section */
		4C4525222EFB40A422124F67 /* Pods_InstaSlam.framework */ = {isa = PBXFileReference; explicitFileType = wrapper.framework; includeInIndex = 0; path = Pods_InstaSlam.framework; sourceTree = BUILT_PRODUCTS_DIR; };
		A48E9CDC1C8AB2740008F146 /* HomeViewController.swift */ = {isa = PBXFileReference; fileEncoding = 4; lastKnownFileType = sourcecode.swift; path = HomeViewController.swift; sourceTree = "<group>"; };
		A48E9CDF1C8B43AE0008F146 /* NewPhotoViewController.swift */ = {isa = PBXFileReference; fileEncoding = 4; lastKnownFileType = sourcecode.swift; path = NewPhotoViewController.swift; sourceTree = "<group>"; };
		A48E9CE11C8BCEFB0008F146 /* Post.swift */ = {isa = PBXFileReference; fileEncoding = 4; lastKnownFileType = sourcecode.swift; path = Post.swift; sourceTree = "<group>"; };
		A48E9CE41C8BDDBC0008F146 /* InstaCell.swift */ = {isa = PBXFileReference; fileEncoding = 4; lastKnownFileType = sourcecode.swift; path = InstaCell.swift; sourceTree = "<group>"; };
		A48E9CEA1C8D14300008F146 /* gifFramework.swift */ = {isa = PBXFileReference; fileEncoding = 4; lastKnownFileType = sourcecode.swift; name = gifFramework.swift; path = ../../../Downloads/gifFramework.swift; sourceTree = "<group>"; };
		A48E9CEC1C8D1C610008F146 /* giphy.gif */ = {isa = PBXFileReference; lastKnownFileType = image.gif; name = giphy.gif; path = ../../giphy.gif; sourceTree = "<group>"; };
		A4C985781C8A863300BD38A3 /* InstaSlam.app */ = {isa = PBXFileReference; explicitFileType = wrapper.application; includeInIndex = 0; path = InstaSlam.app; sourceTree = BUILT_PRODUCTS_DIR; };
		A4C9857B1C8A863300BD38A3 /* AppDelegate.swift */ = {isa = PBXFileReference; lastKnownFileType = sourcecode.swift; path = AppDelegate.swift; sourceTree = "<group>"; };
		A4C9857D1C8A863300BD38A3 /* ViewController.swift */ = {isa = PBXFileReference; lastKnownFileType = sourcecode.swift; path = ViewController.swift; sourceTree = "<group>"; };
		A4C985801C8A863300BD38A3 /* Base */ = {isa = PBXFileReference; lastKnownFileType = file.storyboard; name = Base; path = Base.lproj/Main.storyboard; sourceTree = "<group>"; };
		A4C985821C8A863300BD38A3 /* Assets.xcassets */ = {isa = PBXFileReference; lastKnownFileType = folder.assetcatalog; path = Assets.xcassets; sourceTree = "<group>"; };
		A4C985851C8A863300BD38A3 /* Base */ = {isa = PBXFileReference; lastKnownFileType = file.storyboard; name = Base; path = Base.lproj/LaunchScreen.storyboard; sourceTree = "<group>"; };
		A4C985871C8A863300BD38A3 /* Info.plist */ = {isa = PBXFileReference; lastKnownFileType = text.plist.xml; path = Info.plist; sourceTree = "<group>"; };
		A4C9858D1C8A8AAA00BD38A3 /* LoginViewController.swift */ = {isa = PBXFileReference; fileEncoding = 4; lastKnownFileType = sourcecode.swift; path = LoginViewController.swift; sourceTree = "<group>"; };
		E943C2E05570311D4143E6C0 /* Pods-InstaSlam.debug.xcconfig */ = {isa = PBXFileReference; includeInIndex = 1; lastKnownFileType = text.xcconfig; name = "Pods-InstaSlam.debug.xcconfig"; path = "Pods/Target Support Files/Pods-InstaSlam/Pods-InstaSlam.debug.xcconfig"; sourceTree = "<group>"; };
		EB44C5C3CAD6B7B2A5A6172F /* Pods-InstaSlam.release.xcconfig */ = {isa = PBXFileReference; includeInIndex = 1; lastKnownFileType = text.xcconfig; name = "Pods-InstaSlam.release.xcconfig"; path = "Pods/Target Support Files/Pods-InstaSlam/Pods-InstaSlam.release.xcconfig"; sourceTree = "<group>"; };
/* End PBXFileReference section */

/* Begin PBXFrameworksBuildPhase section */
		A4C985751C8A863300BD38A3 /* Frameworks */ = {
			isa = PBXFrameworksBuildPhase;
			buildActionMask = 2147483647;
			files = (
				FC28DDFD75615253B3583DF4 /* Pods_InstaSlam.framework in Frameworks */,
			);
			runOnlyForDeploymentPostprocessing = 0;
		};
/* End PBXFrameworksBuildPhase section */

/* Begin PBXGroup section */
		A48E9CDE1C8B438C0008F146 /* View Controllers */ = {
			isa = PBXGroup;
			children = (
				A48E9CEA1C8D14300008F146 /* gifFramework.swift */,
				A4C9857D1C8A863300BD38A3 /* ViewController.swift */,
				A4C9858D1C8A8AAA00BD38A3 /* LoginViewController.swift */,
				A48E9CDC1C8AB2740008F146 /* HomeViewController.swift */,
				A48E9CE41C8BDDBC0008F146 /* InstaCell.swift */,
				A48E9CDF1C8B43AE0008F146 /* NewPhotoViewController.swift */,
			);
			name = "View Controllers";
			sourceTree = "<group>";
		};
		A48E9CE31C8BCF040008F146 /* Models */ = {
			isa = PBXGroup;
			children = (
				A48E9CE11C8BCEFB0008F146 /* Post.swift */,
			);
			name = Models;
			sourceTree = "<group>";
		};
		A4C9856F1C8A863300BD38A3 = {
			isa = PBXGroup;
			children = (
				A4C9857A1C8A863300BD38A3 /* InstaSlam */,
				A4C985791C8A863300BD38A3 /* Products */,
				E82B9EF70C0EAEF497CBC810 /* Pods */,
				E34D4881A6537E1123014E10 /* Frameworks */,
			);
			sourceTree = "<group>";
		};
		A4C985791C8A863300BD38A3 /* Products */ = {
			isa = PBXGroup;
			children = (
				A4C985781C8A863300BD38A3 /* InstaSlam.app */,
			);
			name = Products;
			sourceTree = "<group>";
		};
		A4C9857A1C8A863300BD38A3 /* InstaSlam */ = {
			isa = PBXGroup;
			children = (
				A48E9CE31C8BCF040008F146 /* Models */,
				A48E9CDE1C8B438C0008F146 /* View Controllers */,
				A4C9857B1C8A863300BD38A3 /* AppDelegate.swift */,
				A4C9857F1C8A863300BD38A3 /* Main.storyboard */,
				A4C985821C8A863300BD38A3 /* Assets.xcassets */,
				A48E9CEC1C8D1C610008F146 /* giphy.gif */,
				A4C985841C8A863300BD38A3 /* LaunchScreen.storyboard */,
				A4C985871C8A863300BD38A3 /* Info.plist */,
			);
			path = InstaSlam;
			sourceTree = "<group>";
		};
		E34D4881A6537E1123014E10 /* Frameworks */ = {
			isa = PBXGroup;
			children = (
				4C4525222EFB40A422124F67 /* Pods_InstaSlam.framework */,
			);
			name = Frameworks;
			sourceTree = "<group>";
		};
		E82B9EF70C0EAEF497CBC810 /* Pods */ = {
			isa = PBXGroup;
			children = (
				E943C2E05570311D4143E6C0 /* Pods-InstaSlam.debug.xcconfig */,
				EB44C5C3CAD6B7B2A5A6172F /* Pods-InstaSlam.release.xcconfig */,
			);
			name = Pods;
			sourceTree = "<group>";
		};
/* End PBXGroup section */

/* Begin PBXNativeTarget section */
		A4C985771C8A863300BD38A3 /* InstaSlam */ = {
			isa = PBXNativeTarget;
			buildConfigurationList = A4C9858A1C8A863300BD38A3 /* Build configuration list for PBXNativeTarget "InstaSlam" */;
			buildPhases = (
				505F96B127FC5506F7A3CBB7 /* Check Pods Manifest.lock */,
				A4C985741C8A863300BD38A3 /* Sources */,
				A4C985751C8A863300BD38A3 /* Frameworks */,
				A4C985761C8A863300BD38A3 /* Resources */,
				11BB33CCB38D7996E95D159F /* Embed Pods Frameworks */,
				1A65C350F166062E7BED0746 /* Copy Pods Resources */,
			);
			buildRules = (
			);
			dependencies = (
			);
			name = InstaSlam;
			productName = InstaSlam;
			productReference = A4C985781C8A863300BD38A3 /* InstaSlam.app */;
			productType = "com.apple.product-type.application";
		};
/* End PBXNativeTarget section */

/* Begin PBXProject section */
		A4C985701C8A863300BD38A3 /* Project object */ = {
			isa = PBXProject;
			attributes = {
				LastSwiftUpdateCheck = 0720;
				LastUpgradeCheck = 0720;
				ORGANIZATIONNAME = codepath;
				TargetAttributes = {
					A4C985771C8A863300BD38A3 = {
						CreatedOnToolsVersion = 7.2.1;
						DevelopmentTeam = U82DA293X2;
					};
				};
			};
			buildConfigurationList = A4C985731C8A863300BD38A3 /* Build configuration list for PBXProject "InstaSlam" */;
			compatibilityVersion = "Xcode 3.2";
			developmentRegion = English;
			hasScannedForEncodings = 0;
			knownRegions = (
				en,
				Base,
			);
			mainGroup = A4C9856F1C8A863300BD38A3;
			productRefGroup = A4C985791C8A863300BD38A3 /* Products */;
			projectDirPath = "";
			projectRoot = "";
			targets = (
				A4C985771C8A863300BD38A3 /* InstaSlam */,
			);
		};
/* End PBXProject section */

/* Begin PBXResourcesBuildPhase section */
		A4C985761C8A863300BD38A3 /* Resources */ = {
			isa = PBXResourcesBuildPhase;
			buildActionMask = 2147483647;
			files = (
				A4C985861C8A863300BD38A3 /* LaunchScreen.storyboard in Resources */,
				A4C985831C8A863300BD38A3 /* Assets.xcassets in Resources */,
				A48E9CED1C8D1C610008F146 /* giphy.gif in Resources */,
				A4C985811C8A863300BD38A3 /* Main.storyboard in Resources */,
			);
			runOnlyForDeploymentPostprocessing = 0;
		};
/* End PBXResourcesBuildPhase section */

/* Begin PBXShellScriptBuildPhase section */
		11BB33CCB38D7996E95D159F /* Embed Pods Frameworks */ = {
			isa = PBXShellScriptBuildPhase;
			buildActionMask = 2147483647;
			files = (
			);
			inputPaths = (
			);
			name = "Embed Pods Frameworks";
			outputPaths = (
			);
			runOnlyForDeploymentPostprocessing = 0;
			shellPath = /bin/sh;
			shellScript = "\"${SRCROOT}/Pods/Target Support Files/Pods-InstaSlam/Pods-InstaSlam-frameworks.sh\"\n";
			showEnvVarsInLog = 0;
		};
		1A65C350F166062E7BED0746 /* Copy Pods Resources */ = {
			isa = PBXShellScriptBuildPhase;
			buildActionMask = 2147483647;
			files = (
			);
			inputPaths = (
			);
			name = "Copy Pods Resources";
			outputPaths = (
			);
			runOnlyForDeploymentPostprocessing = 0;
			shellPath = /bin/sh;
			shellScript = "\"${SRCROOT}/Pods/Target Support Files/Pods-InstaSlam/Pods-InstaSlam-resources.sh\"\n";
			showEnvVarsInLog = 0;
		};
		505F96B127FC5506F7A3CBB7 /* Check Pods Manifest.lock */ = {
			isa = PBXShellScriptBuildPhase;
			buildActionMask = 2147483647;
			files = (
			);
			inputPaths = (
			);
			name = "Check Pods Manifest.lock";
			outputPaths = (
			);
			runOnlyForDeploymentPostprocessing = 0;
			shellPath = /bin/sh;
			shellScript = "diff \"${PODS_ROOT}/../Podfile.lock\" \"${PODS_ROOT}/Manifest.lock\" > /dev/null\nif [[ $? != 0 ]] ; then\n    cat << EOM\nerror: The sandbox is not in sync with the Podfile.lock. Run 'pod install' or update your CocoaPods installation.\nEOM\n    exit 1\nfi\n";
			showEnvVarsInLog = 0;
		};
/* End PBXShellScriptBuildPhase section */

/* Begin PBXSourcesBuildPhase section */
		A4C985741C8A863300BD38A3 /* Sources */ = {
			isa = PBXSourcesBuildPhase;
			buildActionMask = 2147483647;
			files = (
				A4C9858E1C8A8AAA00BD38A3 /* LoginViewController.swift in Sources */,
				A48E9CEB1C8D14300008F146 /* gifFramework.swift in Sources */,
				A4C9857E1C8A863300BD38A3 /* ViewController.swift in Sources */,
				A4C9857C1C8A863300BD38A3 /* AppDelegate.swift in Sources */,
				A48E9CE21C8BCEFB0008F146 /* Post.swift in Sources */,
				A48E9CE01C8B43AE0008F146 /* NewPhotoViewController.swift in Sources */,
				A48E9CDD1C8AB2740008F146 /* HomeViewController.swift in Sources */,
				A48E9CE51C8BDDBC0008F146 /* InstaCell.swift in Sources */,
			);
			runOnlyForDeploymentPostprocessing = 0;
		};
/* End PBXSourcesBuildPhase section */

/* Begin PBXVariantGroup section */
		A4C9857F1C8A863300BD38A3 /* Main.storyboard */ = {
			isa = PBXVariantGroup;
			children = (
				A4C985801C8A863300BD38A3 /* Base */,
			);
			name = Main.storyboard;
			sourceTree = "<group>";
		};
		A4C985841C8A863300BD38A3 /* LaunchScreen.storyboard */ = {
			isa = PBXVariantGroup;
			children = (
				A4C985851C8A863300BD38A3 /* Base */,
			);
			name = LaunchScreen.storyboard;
			sourceTree = "<group>";
		};
/* End PBXVariantGroup section */

/* Begin XCBuildConfiguration section */
		A4C985881C8A863300BD38A3 /* Debug */ = {
			isa = XCBuildConfiguration;
			buildSettings = {
				ALWAYS_SEARCH_USER_PATHS = NO;
				CLANG_CXX_LANGUAGE_STANDARD = "gnu++0x";
				CLANG_CXX_LIBRARY = "libc++";
				CLANG_ENABLE_MODULES = YES;
				CLANG_ENABLE_OBJC_ARC = YES;
				CLANG_WARN_BOOL_CONVERSION = YES;
				CLANG_WARN_CONSTANT_CONVERSION = YES;
				CLANG_WARN_DIRECT_OBJC_ISA_USAGE = YES_ERROR;
				CLANG_WARN_EMPTY_BODY = YES;
				CLANG_WARN_ENUM_CONVERSION = YES;
				CLANG_WARN_INT_CONVERSION = YES;
				CLANG_WARN_OBJC_ROOT_CLASS = YES_ERROR;
				CLANG_WARN_UNREACHABLE_CODE = YES;
				CLANG_WARN__DUPLICATE_METHOD_MATCH = YES;
				"CODE_SIGN_IDENTITY[sdk=iphoneos*]" = "iPhone Developer";
				COPY_PHASE_STRIP = NO;
				DEBUG_INFORMATION_FORMAT = dwarf;
				ENABLE_STRICT_OBJC_MSGSEND = YES;
				ENABLE_TESTABILITY = YES;
				GCC_C_LANGUAGE_STANDARD = gnu99;
				GCC_DYNAMIC_NO_PIC = NO;
				GCC_NO_COMMON_BLOCKS = YES;
				GCC_OPTIMIZATION_LEVEL = 0;
				GCC_PREPROCESSOR_DEFINITIONS = (
					"DEBUG=1",
					"$(inherited)",
				);
				GCC_WARN_64_TO_32_BIT_CONVERSION = YES;
				GCC_WARN_ABOUT_RETURN_TYPE = YES_ERROR;
				GCC_WARN_UNDECLARED_SELECTOR = YES;
				GCC_WARN_UNINITIALIZED_AUTOS = YES_AGGRESSIVE;
				GCC_WARN_UNUSED_FUNCTION = YES;
				GCC_WARN_UNUSED_VARIABLE = YES;
				IPHONEOS_DEPLOYMENT_TARGET = 9.2;
				MTL_ENABLE_DEBUG_INFO = YES;
				ONLY_ACTIVE_ARCH = YES;
				SDKROOT = iphoneos;
				SWIFT_OPTIMIZATION_LEVEL = "-Onone";
			};
			name = Debug;
		};
		A4C985891C8A863300BD38A3 /* Release */ = {
			isa = XCBuildConfiguration;
			buildSettings = {
				ALWAYS_SEARCH_USER_PATHS = NO;
				CLANG_CXX_LANGUAGE_STANDARD = "gnu++0x";
				CLANG_CXX_LIBRARY = "libc++";
				CLANG_ENABLE_MODULES = YES;
				CLANG_ENABLE_OBJC_ARC = YES;
				CLANG_WARN_BOOL_CONVERSION = YES;
				CLANG_WARN_CONSTANT_CONVERSION = YES;
				CLANG_WARN_DIRECT_OBJC_ISA_USAGE = YES_ERROR;
				CLANG_WARN_EMPTY_BODY = YES;
				CLANG_WARN_ENUM_CONVERSION = YES;
				CLANG_WARN_INT_CONVERSION = YES;
				CLANG_WARN_OBJC_ROOT_CLASS = YES_ERROR;
				CLANG_WARN_UNREACHABLE_CODE = YES;
				CLANG_WARN__DUPLICATE_METHOD_MATCH = YES;
				"CODE_SIGN_IDENTITY[sdk=iphoneos*]" = "iPhone Developer";
				COPY_PHASE_STRIP = NO;
				DEBUG_INFORMATION_FORMAT = "dwarf-with-dsym";
				ENABLE_NS_ASSERTIONS = NO;
				ENABLE_STRICT_OBJC_MSGSEND = YES;
				GCC_C_LANGUAGE_STANDARD = gnu99;
				GCC_NO_COMMON_BLOCKS = YES;
				GCC_WARN_64_TO_32_BIT_CONVERSION = YES;
				GCC_WARN_ABOUT_RETURN_TYPE = YES_ERROR;
				GCC_WARN_UNDECLARED_SELECTOR = YES;
				GCC_WARN_UNINITIALIZED_AUTOS = YES_AGGRESSIVE;
				GCC_WARN_UNUSED_FUNCTION = YES;
				GCC_WARN_UNUSED_VARIABLE = YES;
				IPHONEOS_DEPLOYMENT_TARGET = 9.2;
				MTL_ENABLE_DEBUG_INFO = NO;
				SDKROOT = iphoneos;
				VALIDATE_PRODUCT = YES;
			};
			name = Release;
		};
		A4C9858B1C8A863300BD38A3 /* Debug */ = {
			isa = XCBuildConfiguration;
			baseConfigurationReference = E943C2E05570311D4143E6C0 /* Pods-InstaSlam.debug.xcconfig */;
			buildSettings = {
				ASSETCATALOG_COMPILER_APPICON_NAME = AppIcon;
				INFOPLIST_FILE = InstaSlam/Info.plist;
				LD_RUNPATH_SEARCH_PATHS = "$(inherited) @executable_path/Frameworks";
				PRODUCT_BUNDLE_IDENTIFIER = com.codepath.InstaSlam;
				PRODUCT_NAME = "$(TARGET_NAME)";
			};
			name = Debug;
		};
		A4C9858C1C8A863300BD38A3 /* Release */ = {
			isa = XCBuildConfiguration;
			baseConfigurationReference = EB44C5C3CAD6B7B2A5A6172F /* Pods-InstaSlam.release.xcconfig */;
			buildSettings = {
				ASSETCATALOG_COMPILER_APPICON_NAME = AppIcon;
				INFOPLIST_FILE = InstaSlam/Info.plist;
				LD_RUNPATH_SEARCH_PATHS = "$(inherited) @executable_path/Frameworks";
				PRODUCT_BUNDLE_IDENTIFIER = com.codepath.InstaSlam;
				PRODUCT_NAME = "$(TARGET_NAME)";
			};
			name = Release;
		};
/* End XCBuildConfiguration section */

/* Begin XCConfigurationList section */
		A4C985731C8A863300BD38A3 /* Build configuration list for PBXProject "InstaSlam" */ = {
			isa = XCConfigurationList;
			buildConfigurations = (
				A4C985881C8A863300BD38A3 /* Debug */,
				A4C985891C8A863300BD38A3 /* Release */,
			);
			defaultConfigurationIsVisible = 0;
			defaultConfigurationName = Release;
		};
		A4C9858A1C8A863300BD38A3 /* Build configuration list for PBXNativeTarget "InstaSlam" */ = {
			isa = XCConfigurationList;
			buildConfigurations = (
				A4C9858B1C8A863300BD38A3 /* Debug */,
				A4C9858C1C8A863300BD38A3 /* Release */,
			);
			defaultConfigurationIsVisible = 0;
			defaultConfigurationName = Release;
		};
/* End XCConfigurationList section */
	};
	rootObject = A4C985701C8A863300BD38A3 /* Project object */;
}
